
Microsoft Visual Studio Solution File, Format Version 12.00
# Visual Studio 14
VisualStudioVersion = 14.0.25123.0
MinimumVisualStudioVersion = 10.0.40219.1
Project("{2150E333-8FDC-42A3-9474-1A3956D46DE8}") = "Engine", "Engine", "{6F952527-400B-4F86-8E01-62868436DB76}"
EndProject
Project("{2150E333-8FDC-42A3-9474-1A3956D46DE8}") = "Games", "Games", "{5873D65A-3DEE-4FAD-B4B8-7A7A5A7A61FF}"
EndProject
Project("{8BC9CEB8-8B4A-11D0-8D11-00A0C91BC942}") = "UE4", "Intermediate\ProjectFiles\UE4.vcxproj", "{E0C4335A-60DC-45AD-BBBA-C669F11F1825}"
EndProject
Project("{8BC9CEB8-8B4A-11D0-8D11-00A0C91BC942}") = "ChessProjectUE4", "Intermediate\ProjectFiles\ChessProjectUE4.vcxproj", "{BA1B2E1E-91EE-4081-9CD5-945213F807B2}"
EndProject
Global
	GlobalSection(SolutionConfigurationPlatforms) = preSolution
		DebugGame Editor|Win32 = DebugGame Editor|Win32
		DebugGame Editor|Win64 = DebugGame Editor|Win64
		DebugGame|Win32 = DebugGame|Win32
		DebugGame|Win64 = DebugGame|Win64
		Development Editor|Win32 = Development Editor|Win32
		Development Editor|Win64 = Development Editor|Win64
		Development|Win32 = Development|Win32
		Development|Win64 = Development|Win64
		Shipping|Win32 = Shipping|Win32
		Shipping|Win64 = Shipping|Win64
	EndGlobalSection
	GlobalSection(ProjectConfigurationPlatforms) = postSolution
		{E0C4335A-60DC-45AD-BBBA-C669F11F1825}.DebugGame Editor|Win32.ActiveCfg = BuiltWithUnrealBuildTool|Win32
		{E0C4335A-60DC-45AD-BBBA-C669F11F1825}.DebugGame Editor|Win32.Build.0 = BuiltWithUnrealBuildTool|Win32
		{E0C4335A-60DC-45AD-BBBA-C669F11F1825}.DebugGame Editor|Win64.ActiveCfg = BuiltWithUnrealBuildTool|Win32
		{E0C4335A-60DC-45AD-BBBA-C669F11F1825}.DebugGame Editor|Win64.Build.0 = BuiltWithUnrealBuildTool|Win32
		{E0C4335A-60DC-45AD-BBBA-C669F11F1825}.DebugGame|Win32.ActiveCfg = BuiltWithUnrealBuildTool|Win32
		{E0C4335A-60DC-45AD-BBBA-C669F11F1825}.DebugGame|Win32.Build.0 = BuiltWithUnrealBuildTool|Win32
		{E0C4335A-60DC-45AD-BBBA-C669F11F1825}.DebugGame|Win64.ActiveCfg = BuiltWithUnrealBuildTool|Win32
		{E0C4335A-60DC-45AD-BBBA-C669F11F1825}.DebugGame|Win64.Build.0 = BuiltWithUnrealBuildTool|Win32
		{E0C4335A-60DC-45AD-BBBA-C669F11F1825}.Development Editor|Win32.ActiveCfg = BuiltWithUnrealBuildTool|Win32
		{E0C4335A-60DC-45AD-BBBA-C669F11F1825}.Development Editor|Win32.Build.0 = BuiltWithUnrealBuildTool|Win32
		{E0C4335A-60DC-45AD-BBBA-C669F11F1825}.Development Editor|Win64.ActiveCfg = BuiltWithUnrealBuildTool|Win32
		{E0C4335A-60DC-45AD-BBBA-C669F11F1825}.Development Editor|Win64.Build.0 = BuiltWithUnrealBuildTool|Win32
		{E0C4335A-60DC-45AD-BBBA-C669F11F1825}.Development|Win32.ActiveCfg = BuiltWithUnrealBuildTool|Win32
		{E0C4335A-60DC-45AD-BBBA-C669F11F1825}.Development|Win32.Build.0 = BuiltWithUnrealBuildTool|Win32
		{E0C4335A-60DC-45AD-BBBA-C669F11F1825}.Development|Win64.ActiveCfg = BuiltWithUnrealBuildTool|Win32
		{E0C4335A-60DC-45AD-BBBA-C669F11F1825}.Development|Win64.Build.0 = BuiltWithUnrealBuildTool|Win32
		{E0C4335A-60DC-45AD-BBBA-C669F11F1825}.Shipping|Win32.ActiveCfg = BuiltWithUnrealBuildTool|Win32
		{E0C4335A-60DC-45AD-BBBA-C669F11F1825}.Shipping|Win32.Build.0 = BuiltWithUnrealBuildTool|Win32
		{E0C4335A-60DC-45AD-BBBA-C669F11F1825}.Shipping|Win64.ActiveCfg = BuiltWithUnrealBuildTool|Win32
		{E0C4335A-60DC-45AD-BBBA-C669F11F1825}.Shipping|Win64.Build.0 = BuiltWithUnrealBuildTool|Win32
		{BA1B2E1E-91EE-4081-9CD5-945213F807B2}.DebugGame Editor|Win32.ActiveCfg = DebugGame_Editor|Win32
		{BA1B2E1E-91EE-4081-9CD5-945213F807B2}.DebugGame Editor|Win64.ActiveCfg = DebugGame_Editor|x64
		{BA1B2E1E-91EE-4081-9CD5-945213F807B2}.DebugGame Editor|Win64.Build.0 = DebugGame_Editor|x64
		{BA1B2E1E-91EE-4081-9CD5-945213F807B2}.DebugGame|Win32.ActiveCfg = DebugGame_Game|Win32
		{BA1B2E1E-91EE-4081-9CD5-945213F807B2}.DebugGame|Win32.Build.0 = DebugGame_Game|Win32
		{BA1B2E1E-91EE-4081-9CD5-945213F807B2}.DebugGame|Win64.ActiveCfg = DebugGame_Game|x64
		{BA1B2E1E-91EE-4081-9CD5-945213F807B2}.DebugGame|Win64.Build.0 = DebugGame_Game|x64
		{BA1B2E1E-91EE-4081-9CD5-945213F807B2}.Development Editor|Win32.ActiveCfg = Development_Editor|Win32
		{BA1B2E1E-91EE-4081-9CD5-945213F807B2}.Development Editor|Win64.ActiveCfg = Development_Editor|x64
		{BA1B2E1E-91EE-4081-9CD5-945213F807B2}.Development Editor|Win64.Build.0 = Development_Editor|x64
		{BA1B2E1E-91EE-4081-9CD5-945213F807B2}.Development|Win32.ActiveCfg = Development_Game|Win32
		{BA1B2E1E-91EE-4081-9CD5-945213F807B2}.Development|Win32.Build.0 = Development_Game|Win32
		{BA1B2E1E-91EE-4081-9CD5-945213F807B2}.Development|Win64.ActiveCfg = Development_Game|x64
		{BA1B2E1E-91EE-4081-9CD5-945213F807B2}.Development|Win64.Build.0 = Development_Game|x64
		{BA1B2E1E-91EE-4081-9CD5-945213F807B2}.Shipping|Win32.ActiveCfg = Shipping_Game|Win32
		{BA1B2E1E-91EE-4081-9CD5-945213F807B2}.Shipping|Win32.Build.0 = Shipping_Game|Win32
		{BA1B2E1E-91EE-4081-9CD5-945213F807B2}.Shipping|Win64.ActiveCfg = Shipping_Game|x64
		{BA1B2E1E-91EE-4081-9CD5-945213F807B2}.Shipping|Win64.Build.0 = Shipping_Game|x64
	EndGlobalSection
	GlobalSection(SolutionProperties) = preSolution
		HideSolutionNode = FALSE
	EndGlobalSection
	GlobalSection(NestedProjects) = preSolution
		{E0C4335A-60DC-45AD-BBBA-C669F11F1825} = {6F952527-400B-4F86-8E01-62868436DB76}
		{BA1B2E1E-91EE-4081-9CD5-945213F807B2} = {5873D65A-3DEE-4FAD-B4B8-7A7A5A7A61FF}
	EndGlobalSection
EndGlobal
